// !$*UTF8*$!
{
	archiveVersion = 1;
	classes = {
	};
	objectVersion = 46;
	objects = {

/* Begin PBXBuildFile section */
		AC7FB57A1DCC356500CA211C /* main.m in Sources */ = {isa = PBXBuildFile; fileRef = AC7FB5791DCC356500CA211C /* main.m */; };
		AC7FB57D1DCC356500CA211C /* AppDelegate.m in Sources */ = {isa = PBXBuildFile; fileRef = AC7FB57C1DCC356500CA211C /* AppDelegate.m */; };
		AC7FB5801DCC356500CA211C /* ViewController.m in Sources */ = {isa = PBXBuildFile; fileRef = AC7FB57F1DCC356500CA211C /* ViewController.m */; };
		AC7FB5831DCC356500CA211C /* Main.storyboard in Resources */ = {isa = PBXBuildFile; fileRef = AC7FB5811DCC356500CA211C /* Main.storyboard */; };
		AC7FB5851DCC356500CA211C /* Assets.xcassets in Resources */ = {isa = PBXBuildFile; fileRef = AC7FB5841DCC356500CA211C /* Assets.xcassets */; };
		AC7FB5881DCC356500CA211C /* LaunchScreen.storyboard in Resources */ = {isa = PBXBuildFile; fileRef = AC7FB5861DCC356500CA211C /* LaunchScreen.storyboard */; };
		AC7FB5921DCC35E200CA211C /* IPNRSAUtil.m in Sources */ = {isa = PBXBuildFile; fileRef = AC7FB5911DCC35E200CA211C /* IPNRSAUtil.m */; };
/* End PBXBuildFile section */

/* Begin PBXFileReference section */
		AC7FB5751DCC356500CA211C /* RHRSAUtil.app */ = {isa = PBXFileReference; explicitFileType = wrapper.application; includeInIndex = 0; path = RHRSAUtil.app; sourceTree = BUILT_PRODUCTS_DIR; };
		AC7FB5791DCC356500CA211C /* main.m */ = {isa = PBXFileReference; lastKnownFileType = sourcecode.c.objc; path = main.m; sourceTree = "<group>"; };
		AC7FB57B1DCC356500CA211C /* AppDelegate.h */ = {isa = PBXFileReference; lastKnownFileType = sourcecode.c.h; path = AppDelegate.h; sourceTree = "<group>"; };
		AC7FB57C1DCC356500CA211C /* AppDelegate.m */ = {isa = PBXFileReference; lastKnownFileType = sourcecode.c.objc; path = AppDelegate.m; sourceTree = "<group>"; };
		AC7FB57E1DCC356500CA211C /* ViewController.h */ = {isa = PBXFileReference; lastKnownFileType = sourcecode.c.h; path = ViewController.h; sourceTree = "<group>"; };
		AC7FB57F1DCC356500CA211C /* ViewController.m */ = {isa = PBXFileReference; lastKnownFileType = sourcecode.c.objc; path = ViewController.m; sourceTree = "<group>"; };
		AC7FB5821DCC356500CA211C /* Base */ = {isa = PBXFileReference; lastKnownFileType = file.storyboard; name = Base; path = Base.lproj/Main.storyboard; sourceTree = "<group>"; };
		AC7FB5841DCC356500CA211C /* Assets.xcassets */ = {isa = PBXFileReference; lastKnownFileType = folder.assetcatalog; path = Assets.xcassets; sourceTree = "<group>"; };
		AC7FB5871DCC356500CA211C /* Base */ = {isa = PBXFileReference; lastKnownFileType = file.storyboard; name = Base; path = Base.lproj/LaunchScreen.storyboard; sourceTree = "<group>"; };
		AC7FB5891DCC356500CA211C /* Info.plist */ = {isa = PBXFileReference; lastKnownFileType = text.plist.xml; path = Info.plist; sourceTree = "<group>"; };
		AC7FB5901DCC35E200CA211C /* IPNRSAUtil.h */ = {isa = PBXFileReference; fileEncoding = 4; lastKnownFileType = sourcecode.c.h; path = IPNRSAUtil.h; sourceTree = "<group>"; };
		AC7FB5911DCC35E200CA211C /* IPNRSAUtil.m */ = {isa = PBXFileReference; fileEncoding = 4; lastKnownFileType = sourcecode.c.objc; path = IPNRSAUtil.m; sourceTree = "<group>"; };
		AC7FB5931DCC396400CA211C /* RHRSAUtil.entitlements */ = {isa = PBXFileReference; lastKnownFileType = text.plist.entitlements; path = RHRSAUtil.entitlements; sourceTree = "<group>"; };
/* End PBXFileReference section */

/* Begin PBXFrameworksBuildPhase section */
		AC7FB5721DCC356500CA211C /* Frameworks */ = {
			isa = PBXFrameworksBuildPhase;
			buildActionMask = 2147483647;
			files = (
			);
			runOnlyForDeploymentPostprocessing = 0;
		};
/* End PBXFrameworksBuildPhase section */

/* Begin PBXGroup section */
		AC7FB56C1DCC356500CA211C = {
			isa = PBXGroup;
			children = (
				AC7FB5771DCC356500CA211C /* RHRSAUtil */,
				AC7FB5761DCC356500CA211C /* Products */,
			);
			sourceTree = "<group>";
		};
		AC7FB5761DCC356500CA211C /* Products */ = {
			isa = PBXGroup;
			children = (
				AC7FB5751DCC356500CA211C /* RHRSAUtil.app */,
			);
			name = Products;
			sourceTree = "<group>";
		};
		AC7FB5771DCC356500CA211C /* RHRSAUtil */ = {
			isa = PBXGroup;
			children = (
				AC7FB5931DCC396400CA211C /* RHRSAUtil.entitlements */,
				AC7FB58F1DCC358200CA211C /* Util */,
				AC7FB57B1DCC356500CA211C /* AppDelegate.h */,
				AC7FB57C1DCC356500CA211C /* AppDelegate.m */,
				AC7FB57E1DCC356500CA211C /* ViewController.h */,
				AC7FB57F1DCC356500CA211C /* ViewController.m */,
				AC7FB5811DCC356500CA211C /* Main.storyboard */,
				AC7FB5841DCC356500CA211C /* Assets.xcassets */,
				AC7FB5861DCC356500CA211C /* LaunchScreen.storyboard */,
				AC7FB5891DCC356500CA211C /* Info.plist */,
				AC7FB5781DCC356500CA211C /* Supporting Files */,
			);
			path = RHRSAUtil;
			sourceTree = "<group>";
		};
		AC7FB5781DCC356500CA211C /* Supporting Files */ = {
			isa = PBXGroup;
			children = (
				AC7FB5791DCC356500CA211C /* main.m */,
			);
			name = "Supporting Files";
			sourceTree = "<group>";
		};
		AC7FB58F1DCC358200CA211C /* Util */ = {
			isa = PBXGroup;
			children = (
				AC7FB5901DCC35E200CA211C /* IPNRSAUtil.h */,
				AC7FB5911DCC35E200CA211C /* IPNRSAUtil.m */,
			);
			name = Util;
			sourceTree = "<group>";
		};
/* End PBXGroup section */

/* Begin PBXNativeTarget section */
		AC7FB5741DCC356500CA211C /* RHRSAUtil */ = {
			isa = PBXNativeTarget;
			buildConfigurationList = AC7FB58C1DCC356500CA211C /* Build configuration list for PBXNativeTarget "RHRSAUtil" */;
			buildPhases = (
				AC7FB5711DCC356500CA211C /* Sources */,
				AC7FB5721DCC356500CA211C /* Frameworks */,
				AC7FB5731DCC356500CA211C /* Resources */,
			);
			buildRules = (
			);
			dependencies = (
			);
			name = RHRSAUtil;
			productName = RHRSAUtil;
			productReference = AC7FB5751DCC356500CA211C /* RHRSAUtil.app */;
			productType = "com.apple.product-type.application";
		};
/* End PBXNativeTarget section */

/* Begin PBXProject section */
		AC7FB56D1DCC356500CA211C /* Project object */ = {
			isa = PBXProject;
			attributes = {
				LastUpgradeCheck = 0810;
				ORGANIZATIONNAME = Ryan.Huang;
				TargetAttributes = {
					AC7FB5741DCC356500CA211C = {
						CreatedOnToolsVersion = 8.1;
						DevelopmentTeam = J8Q88E5NNS;
						ProvisioningStyle = Automatic;
						SystemCapabilities = {
							com.apple.Keychain = {
								enabled = 1;
							};
						};
					};
				};
			};
			buildConfigurationList = AC7FB5701DCC356500CA211C /* Build configuration list for PBXProject "RHRSAUtil" */;
			compatibilityVersion = "Xcode 3.2";
			developmentRegion = English;
			hasScannedForEncodings = 0;
			knownRegions = (
				en,
				Base,
			);
			mainGroup = AC7FB56C1DCC356500CA211C;
			productRefGroup = AC7FB5761DCC356500CA211C /* Products */;
			projectDirPath = "";
			projectRoot = "";
			targets = (
				AC7FB5741DCC356500CA211C /* RHRSAUtil */,
			);
		};
/* End PBXProject section */

/* Begin PBXResourcesBuildPhase section */
		AC7FB5731DCC356500CA211C /* Resources */ = {
			isa = PBXResourcesBuildPhase;
			buildActionMask = 2147483647;
			files = (
				AC7FB5881DCC356500CA211C /* LaunchScreen.storyboard in Resources */,
				AC7FB5851DCC356500CA211C /* Assets.xcassets in Resources */,
				AC7FB5831DCC356500CA211C /* Main.storyboard in Resources */,
			);
			runOnlyForDeploymentPostprocessing = 0;
		};
/* End PBXResourcesBuildPhase section */

/* Begin PBXSourcesBuildPhase section */
		AC7FB5711DCC356500CA211C /* Sources */ = {
			isa = PBXSourcesBuildPhase;
			buildActionMask = 2147483647;
			files = (
				AC7FB5801DCC356500CA211C /* ViewController.m in Sources */,
				AC7FB57D1DCC356500CA211C /* AppDelegate.m in Sources */,
				AC7FB5921DCC35E200CA211C /* IPNRSAUtil.m in Sources */,
				AC7FB57A1DCC356500CA211C /* main.m in Sources */,
			);
			runOnlyForDeploymentPostprocessing = 0;
		};
/* End PBXSourcesBuildPhase section */

/* Begin PBXVariantGroup section */
		AC7FB5811DCC356500CA211C /* Main.storyboard */ = {
			isa = PBXVariantGroup;
			children = (
				AC7FB5821DCC356500CA211C /* Base */,
			);
			name = Main.storyboard;
			sourceTree = "<group>";
		};
		AC7FB5861DCC356500CA211C /* LaunchScreen.storyboard */ = {
			isa = PBXVariantGroup;
			children = (
				AC7FB5871DCC356500CA211C /* Base */,
			);
			name = LaunchScreen.storyboard;
			sourceTree = "<group>";
		};
/* End PBXVariantGroup section */

/* Begin XCBuildConfiguration section */
		AC7FB58A1DCC356500CA211C /* Debug */ = {
			isa = XCBuildConfiguration;
			buildSettings = {
				ALWAYS_SEARCH_USER_PATHS = NO;
				CLANG_ANALYZER_NONNULL = YES;
				CLANG_CXX_LANGUAGE_STANDARD = "gnu++0x";
				CLANG_CXX_LIBRARY = "libc++";
				CLANG_ENABLE_MODULES = YES;
				CLANG_ENABLE_OBJC_ARC = YES;
				CLANG_WARN_BOOL_CONVERSION = YES;
				CLANG_WARN_CONSTANT_CONVERSION = YES;
				CLANG_WARN_DIRECT_OBJC_ISA_USAGE = YES_ERROR;
				CLANG_WARN_DOCUMENTATION_COMMENTS = YES;
				CLANG_WARN_EMPTY_BODY = YES;
				CLANG_WARN_ENUM_CONVERSION = YES;
				CLANG_WARN_INFINITE_RECURSION = YES;
				CLANG_WARN_INT_CONVERSION = YES;
				CLANG_WARN_OBJC_ROOT_CLASS = YES_ERROR;
				CLANG_WARN_SUSPICIOUS_MOVES = YES;
				CLANG_WARN_UNREACHABLE_CODE = YES;
				CLANG_WARN__DUPLICATE_METHOD_MATCH = YES;
				"CODE_SIGN_IDENTITY[sdk=iphoneos*]" = "iPhone Developer";
				COPY_PHASE_STRIP = NO;
				DEBUG_INFORMATION_FORMAT = dwarf;
				ENABLE_STRICT_OBJC_MSGSEND = YES;
				ENABLE_TESTABILITY = YES;
				GCC_C_LANGUAGE_STANDARD = gnu99;
				GCC_DYNAMIC_NO_PIC = NO;
				GCC_NO_COMMON_BLOCKS = YES;
				GCC_OPTIMIZATION_LEVEL = 0;
				GCC_PREPROCESSOR_DEFINITIONS = (
					"DEBUG=1",
					"$(inherited)",
				);
				GCC_WARN_64_TO_32_BIT_CONVERSION = YES;
				GCC_WARN_ABOUT_RETURN_TYPE = YES_ERROR;
				GCC_WARN_UNDECLARED_SELECTOR = YES;
				GCC_WARN_UNINITIALIZED_AUTOS = YES_AGGRESSIVE;
				GCC_WARN_UNUSED_FUNCTION = YES;
				GCC_WARN_UNUSED_VARIABLE = YES;
				IPHONEOS_DEPLOYMENT_TARGET = 10.1;
				MTL_ENABLE_DEBUG_INFO = YES;
				ONLY_ACTIVE_ARCH = YES;
				SDKROOT = iphoneos;
			};
			name = Debug;
		};
		AC7FB58B1DCC356500CA211C /* Release */ = {
			isa = XCBuildConfiguration;
			buildSettings = {
				ALWAYS_SEARCH_USER_PATHS = NO;
				CLANG_ANALYZER_NONNULL = YES;
				CLANG_CXX_LANGUAGE_STANDARD = "gnu++0x";
				CLANG_CXX_LIBRARY = "libc++";
				CLANG_ENABLE_MODULES = YES;
				CLANG_ENABLE_OBJC_ARC = YES;
				CLANG_WARN_BOOL_CONVERSION = YES;
				CLANG_WARN_CONSTANT_CONVERSION = YES;
				CLANG_WARN_DIRECT_OBJC_ISA_USAGE = YES_ERROR;
				CLANG_WARN_DOCUMENTATION_COMMENTS = YES;
				CLANG_WARN_EMPTY_BODY = YES;
				CLANG_WARN_ENUM_CONVERSION = YES;
				CLANG_WARN_INFINITE_RECURSION = YES;
				CLANG_WARN_INT_CONVERSION = YES;
				CLANG_WARN_OBJC_ROOT_CLASS = YES_ERROR;
				CLANG_WARN_SUSPICIOUS_MOVES = YES;
				CLANG_WARN_UNREACHABLE_CODE = YES;
				CLANG_WARN__DUPLICATE_METHOD_MATCH = YES;
				"CODE_SIGN_IDENTITY[sdk=iphoneos*]" = "iPhone Developer";
				COPY_PHASE_STRIP = NO;
				DEBUG_INFORMATION_FORMAT = "dwarf-with-dsym";
				ENABLE_NS_ASSERTIONS = NO;
				ENABLE_STRICT_OBJC_MSGSEND = YES;
				GCC_C_LANGUAGE_STANDARD = gnu99;
				GCC_NO_COMMON_BLOCKS = YES;
				GCC_WARN_64_TO_32_BIT_CONVERSION = YES;
				GCC_WARN_ABOUT_RETURN_TYPE = YES_ERROR;
				GCC_WARN_UNDECLARED_SELECTOR = YES;
				GCC_WARN_UNINITIALIZED_AUTOS = YES_AGGRESSIVE;
				GCC_WARN_UNUSED_FUNCTION = YES;
				GCC_WARN_UNUSED_VARIABLE = YES;
				IPHONEOS_DEPLOYMENT_TARGET = 10.1;
				MTL_ENABLE_DEBUG_INFO = NO;
				SDKROOT = iphoneos;
				VALIDATE_PRODUCT = YES;
			};
			name = Release;
		};
		AC7FB58D1DCC356500CA211C /* Debug */ = {
			isa = XCBuildConfiguration;
			buildSettings = {
				ASSETCATALOG_COMPILER_APPICON_NAME = AppIcon;
				CODE_SIGN_ENTITLEMENTS = RHRSAUtil/RHRSAUtil.entitlements;
				DEVELOPMENT_TEAM = J8Q88E5NNS;
				INFOPLIST_FILE = RHRSAUtil/Info.plist;
				LD_RUNPATH_SEARCH_PATHS = "$(inherited) @executable_path/Frameworks";
				PRODUCT_BUNDLE_IDENTIFIER = com.RyanHuang.RHRSAUtil;
				PRODUCT_NAME = "$(TARGET_NAME)";
			};
			name = Debug;
		};
		AC7FB58E1DCC356500CA211C /* Release */ = {
			isa = XCBuildConfiguration;
			buildSettings = {
				ASSETCATALOG_COMPILER_APPICON_NAME = AppIcon;
				CODE_SIGN_ENTITLEMENTS = RHRSAUtil/RHRSAUtil.entitlements;
				DEVELOPMENT_TEAM = J8Q88E5NNS;
				INFOPLIST_FILE = RHRSAUtil/Info.plist;
				LD_RUNPATH_SEARCH_PATHS = "$(inherited) @executable_path/Frameworks";
				PRODUCT_BUNDLE_IDENTIFIER = com.RyanHuang.RHRSAUtil;
				PRODUCT_NAME = "$(TARGET_NAME)";
			};
			name = Release;
		};
/* End XCBuildConfiguration section */

/* Begin XCConfigurationList section */
		AC7FB5701DCC356500CA211C /* Build configuration list for PBXProject "RHRSAUtil" */ = {
			isa = XCConfigurationList;
			buildConfigurations = (
				AC7FB58A1DCC356500CA211C /* Debug */,
				AC7FB58B1DCC356500CA211C /* Release */,
			);
			defaultConfigurationIsVisible = 0;
			defaultConfigurationName = Release;
		};
		AC7FB58C1DCC356500CA211C /* Build configuration list for PBXNativeTarget "RHRSAUtil" */ = {
			isa = XCConfigurationList;
			buildConfigurations = (
				AC7FB58D1DCC356500CA211C /* Debug */,
				AC7FB58E1DCC356500CA211C /* Release */,
			);
			defaultConfigurationIsVisible = 0;
		};
/* End XCConfigurationList section */
	};
	rootObject = AC7FB56D1DCC356500CA211C /* Project object */;
}
